
Microsoft Visual Studio Solution File, Format Version 11.00
# Visual Studio 2010
Project("{FAE04EC0-301F-11D3-BF4B-00C04F79EFBC}") = "Schematismi.Console", "Schematismi.Console\Schematismi.Console.csproj", "{B0F6C4F3-9BC3-434B-8B28-4C7BF62A69D4}"
EndProject
Project("{FAE04EC0-301F-11D3-BF4B-00C04F79EFBC}") = "Schematismi.Tests", "Schematismi.Tests\Schematismi.Tests.csproj", "{F9CB036A-33B4-406E-92F6-289361B93833}"
EndProject
Project("{FAE04EC0-301F-11D3-BF4B-00C04F79EFBC}") = "Schematismi.Common", "Schematismi.Common\Schematismi.Common.csproj", "{704EB6C0-85D0-4BB1-B0F2-E1BA7BEE254C}"
EndProject
Project("{FAE04EC0-301F-11D3-BF4B-00C04F79EFBC}") = "Schematismi.Prism", "Schematismi.Prism\Schematismi.Prism.csproj", "{30F30BB1-2468-4D5C-8F12-07E2C690538E}"
EndProject
Project("{2150E333-8FDC-42A3-9474-1A3956D46DE8}") = "PRISM", "PRISM", "{FAE61368-55A6-441D-885F-E824D7D76298}"
EndProject
Project("{2150E333-8FDC-42A3-9474-1A3956D46DE8}") = "Tests", "Tests", "{B8CC9EF9-D384-4C5A-A38D-40676FE7FA42}"
EndProject
Project("{2150E333-8FDC-42A3-9474-1A3956D46DE8}") = "Console", "Console", "{286EE3F7-C42F-42E0-A62F-166CDFC3E50D}"
EndProject
Project("{2150E333-8FDC-42A3-9474-1A3956D46DE8}") = "Core", "Core", "{31A4EDE7-0321-4AD8-A9B1-603833B72161}"
EndProject
Project("{FAE04EC0-301F-11D3-BF4B-00C04F79EFBC}") = "Schematismi.Prism.Infrastructure", "Schematismi.Prism.Infrastructure\Schematismi.Prism.Infrastructure.csproj", "{0D1F0698-B652-4226-B3DA-637AEC943BEF}"
EndProject
Project("{FAE04EC0-301F-11D3-BF4B-00C04F79EFBC}") = "Schematismi.Prism.ToolbarModule", "Schematismi.Prism.ToolbarModule\Schematismi.Prism.ToolbarModule.csproj", "{6FD2A3FB-9003-472A-A279-9DCE0FD7E9ED}"
EndProject
Project("{FAE04EC0-301F-11D3-BF4B-00C04F79EFBC}") = "Schematismi.Prism.EditorModule", "Schematismi.Prism.EditorModule\Schematismi.Prism.EditorModule.csproj", "{1D24D050-6A26-464A-9C15-22DE6488C0B4}"
EndProject
Global
	GlobalSection(SolutionConfigurationPlatforms) = preSolution
		Debug|Any CPU = Debug|Any CPU
		Debug|Mixed Platforms = Debug|Mixed Platforms
		Debug|x86 = Debug|x86
		Release|Any CPU = Release|Any CPU
		Release|Mixed Platforms = Release|Mixed Platforms
		Release|x86 = Release|x86
	EndGlobalSection
	GlobalSection(ProjectConfigurationPlatforms) = postSolution
		{B0F6C4F3-9BC3-434B-8B28-4C7BF62A69D4}.Debug|Any CPU.ActiveCfg = Debug|Any CPU
		{B0F6C4F3-9BC3-434B-8B28-4C7BF62A69D4}.Debug|Any CPU.Build.0 = Debug|Any CPU
		{B0F6C4F3-9BC3-434B-8B28-4C7BF62A69D4}.Debug|Mixed Platforms.ActiveCfg = Debug|Any CPU
		{B0F6C4F3-9BC3-434B-8B28-4C7BF62A69D4}.Debug|Mixed Platforms.Build.0 = Debug|Any CPU
		{B0F6C4F3-9BC3-434B-8B28-4C7BF62A69D4}.Debug|x86.ActiveCfg = Debug|x86
		{B0F6C4F3-9BC3-434B-8B28-4C7BF62A69D4}.Debug|x86.Build.0 = Debug|x86
		{B0F6C4F3-9BC3-434B-8B28-4C7BF62A69D4}.Release|Any CPU.ActiveCfg = Release|Any CPU
		{B0F6C4F3-9BC3-434B-8B28-4C7BF62A69D4}.Release|Any CPU.Build.0 = Release|Any CPU
		{B0F6C4F3-9BC3-434B-8B28-4C7BF62A69D4}.Release|Mixed Platforms.ActiveCfg = Release|Any CPU
		{B0F6C4F3-9BC3-434B-8B28-4C7BF62A69D4}.Release|Mixed Platforms.Build.0 = Release|Any CPU
		{B0F6C4F3-9BC3-434B-8B28-4C7BF62A69D4}.Release|x86.ActiveCfg = Release|x86
		{B0F6C4F3-9BC3-434B-8B28-4C7BF62A69D4}.Release|x86.Build.0 = Release|x86
		{F9CB036A-33B4-406E-92F6-289361B93833}.Debug|Any CPU.ActiveCfg = Debug|Any CPU
		{F9CB036A-33B4-406E-92F6-289361B93833}.Debug|Any CPU.Build.0 = Debug|Any CPU
		{F9CB036A-33B4-406E-92F6-289361B93833}.Debug|Mixed Platforms.ActiveCfg = Debug|Any CPU
		{F9CB036A-33B4-406E-92F6-289361B93833}.Debug|Mixed Platforms.Build.0 = Debug|Any CPU
		{F9CB036A-33B4-406E-92F6-289361B93833}.Debug|x86.ActiveCfg = Debug|Any CPU
		{F9CB036A-33B4-406E-92F6-289361B93833}.Debug|x86.Build.0 = Debug|Any CPU
		{F9CB036A-33B4-406E-92F6-289361B93833}.Release|Any CPU.ActiveCfg = Release|Any CPU
		{F9CB036A-33B4-406E-92F6-289361B93833}.Release|Any CPU.Build.0 = Release|Any CPU
		{F9CB036A-33B4-406E-92F6-289361B93833}.Release|Mixed Platforms.ActiveCfg = Release|Any CPU
		{F9CB036A-33B4-406E-92F6-289361B93833}.Release|Mixed Platforms.Build.0 = Release|Any CPU
		{F9CB036A-33B4-406E-92F6-289361B93833}.Release|x86.ActiveCfg = Release|Any CPU
		{704EB6C0-85D0-4BB1-B0F2-E1BA7BEE254C}.Debug|Any CPU.ActiveCfg = Debug|Any CPU
		{704EB6C0-85D0-4BB1-B0F2-E1BA7BEE254C}.Debug|Any CPU.Build.0 = Debug|Any CPU
		{704EB6C0-85D0-4BB1-B0F2-E1BA7BEE254C}.Debug|Mixed Platforms.ActiveCfg = Debug|Any CPU
		{704EB6C0-85D0-4BB1-B0F2-E1BA7BEE254C}.Debug|Mixed Platforms.Build.0 = Debug|Any CPU
		{704EB6C0-85D0-4BB1-B0F2-E1BA7BEE254C}.Debug|x86.ActiveCfg = Debug|Any CPU
		{704EB6C0-85D0-4BB1-B0F2-E1BA7BEE254C}.Debug|x86.Build.0 = Debug|Any CPU
		{704EB6C0-85D0-4BB1-B0F2-E1BA7BEE254C}.Release|Any CPU.ActiveCfg = Release|Any CPU
		{704EB6C0-85D0-4BB1-B0F2-E1BA7BEE254C}.Release|Any CPU.Build.0 = Release|Any CPU
		{704EB6C0-85D0-4BB1-B0F2-E1BA7BEE254C}.Release|Mixed Platforms.ActiveCfg = Release|Any CPU
		{704EB6C0-85D0-4BB1-B0F2-E1BA7BEE254C}.Release|Mixed Platforms.Build.0 = Release|Any CPU
		{704EB6C0-85D0-4BB1-B0F2-E1BA7BEE254C}.Release|x86.ActiveCfg = Release|Any CPU
		{30F30BB1-2468-4D5C-8F12-07E2C690538E}.Debug|Any CPU.ActiveCfg = Debug|x86
		{30F30BB1-2468-4D5C-8F12-07E2C690538E}.Debug|Any CPU.Build.0 = Debug|x86
		{30F30BB1-2468-4D5C-8F12-07E2C690538E}.Debug|Mixed Platforms.ActiveCfg = Debug|x86
		{30F30BB1-2468-4D5C-8F12-07E2C690538E}.Debug|Mixed Platforms.Build.0 = Debug|x86
		{30F30BB1-2468-4D5C-8F12-07E2C690538E}.Debug|x86.ActiveCfg = Debug|x86
		{30F30BB1-2468-4D5C-8F12-07E2C690538E}.Debug|x86.Build.0 = Debug|x86
		{30F30BB1-2468-4D5C-8F12-07E2C690538E}.Release|Any CPU.ActiveCfg = Release|x86
		{30F30BB1-2468-4D5C-8F12-07E2C690538E}.Release|Mixed Platforms.ActiveCfg = Release|x86
		{30F30BB1-2468-4D5C-8F12-07E2C690538E}.Release|Mixed Platforms.Build.0 = Release|x86
		{30F30BB1-2468-4D5C-8F12-07E2C690538E}.Release|x86.ActiveCfg = Release|x86
		{30F30BB1-2468-4D5C-8F12-07E2C690538E}.Release|x86.Build.0 = Release|x86
		{0D1F0698-B652-4226-B3DA-637AEC943BEF}.Debug|Any CPU.ActiveCfg = Debug|Any CPU
		{0D1F0698-B652-4226-B3DA-637AEC943BEF}.Debug|Any CPU.Build.0 = Debug|Any CPU
		{0D1F0698-B652-4226-B3DA-637AEC943BEF}.Debug|Mixed Platforms.ActiveCfg = Debug|Any CPU
		{0D1F0698-B652-4226-B3DA-637AEC943BEF}.Debug|Mixed Platforms.Build.0 = Debug|Any CPU
		{0D1F0698-B652-4226-B3DA-637AEC943BEF}.Debug|x86.ActiveCfg = Debug|Any CPU
		{0D1F0698-B652-4226-B3DA-637AEC943BEF}.Debug|x86.Build.0 = Debug|Any CPU
		{0D1F0698-B652-4226-B3DA-637AEC943BEF}.Release|Any CPU.ActiveCfg = Release|Any CPU
		{0D1F0698-B652-4226-B3DA-637AEC943BEF}.Release|Any CPU.Build.0 = Release|Any CPU
		{0D1F0698-B652-4226-B3DA-637AEC943BEF}.Release|Mixed Platforms.ActiveCfg = Release|Any CPU
		{0D1F0698-B652-4226-B3DA-637AEC943BEF}.Release|Mixed Platforms.Build.0 = Release|Any CPU
		{0D1F0698-B652-4226-B3DA-637AEC943BEF}.Release|x86.ActiveCfg = Release|Any CPU
		{6FD2A3FB-9003-472A-A279-9DCE0FD7E9ED}.Debug|Any CPU.ActiveCfg = Debug|Any CPU
		{6FD2A3FB-9003-472A-A279-9DCE0FD7E9ED}.Debug|Any CPU.Build.0 = Debug|Any CPU
		{6FD2A3FB-9003-472A-A279-9DCE0FD7E9ED}.Debug|Mixed Platforms.ActiveCfg = Debug|Any CPU
		{6FD2A3FB-9003-472A-A279-9DCE0FD7E9ED}.Debug|Mixed Platforms.Build.0 = Debug|Any CPU
		{6FD2A3FB-9003-472A-A279-9DCE0FD7E9ED}.Debug|x86.ActiveCfg = Debug|Any CPU
		{6FD2A3FB-9003-472A-A279-9DCE0FD7E9ED}.Debug|x86.Build.0 = Debug|Any CPU
		{6FD2A3FB-9003-472A-A279-9DCE0FD7E9ED}.Release|Any CPU.ActiveCfg = Release|Any CPU
		{6FD2A3FB-9003-472A-A279-9DCE0FD7E9ED}.Release|Any CPU.Build.0 = Release|Any CPU
		{6FD2A3FB-9003-472A-A279-9DCE0FD7E9ED}.Release|Mixed Platforms.ActiveCfg = Release|Any CPU
		{6FD2A3FB-9003-472A-A279-9DCE0FD7E9ED}.Release|Mixed Platforms.Build.0 = Release|Any CPU
		{6FD2A3FB-9003-472A-A279-9DCE0FD7E9ED}.Release|x86.ActiveCfg = Release|Any CPU
		{1D24D050-6A26-464A-9C15-22DE6488C0B4}.Debug|Any CPU.ActiveCfg = Debug|Any CPU
		{1D24D050-6A26-464A-9C15-22DE6488C0B4}.Debug|Any CPU.Build.0 = Debug|Any CPU
		{1D24D050-6A26-464A-9C15-22DE6488C0B4}.Debug|Mixed Platforms.ActiveCfg = Debug|Any CPU
		{1D24D050-6A26-464A-9C15-22DE6488C0B4}.Debug|Mixed Platforms.Build.0 = Debug|Any CPU
		{1D24D050-6A26-464A-9C15-22DE6488C0B4}.Debug|x86.ActiveCfg = Debug|Any CPU
		{1D24D050-6A26-464A-9C15-22DE6488C0B4}.Debug|x86.Build.0 = Debug|Any CPU
		{1D24D050-6A26-464A-9C15-22DE6488C0B4}.Release|Any CPU.ActiveCfg = Release|Any CPU
		{1D24D050-6A26-464A-9C15-22DE6488C0B4}.Release|Any CPU.Build.0 = Release|Any CPU
		{1D24D050-6A26-464A-9C15-22DE6488C0B4}.Release|Mixed Platforms.ActiveCfg = Release|Any CPU
		{1D24D050-6A26-464A-9C15-22DE6488C0B4}.Release|Mixed Platforms.Build.0 = Release|Any CPU
		{1D24D050-6A26-464A-9C15-22DE6488C0B4}.Release|x86.ActiveCfg = Release|Any CPU
	EndGlobalSection
	GlobalSection(SolutionProperties) = preSolution
		HideSolutionNode = FALSE
	EndGlobalSection
	GlobalSection(NestedProjects) = preSolution
		{B0F6C4F3-9BC3-434B-8B28-4C7BF62A69D4} = {286EE3F7-C42F-42E0-A62F-166CDFC3E50D}
		{F9CB036A-33B4-406E-92F6-289361B93833} = {B8CC9EF9-D384-4C5A-A38D-40676FE7FA42}
		{704EB6C0-85D0-4BB1-B0F2-E1BA7BEE254C} = {31A4EDE7-0321-4AD8-A9B1-603833B72161}
		{30F30BB1-2468-4D5C-8F12-07E2C690538E} = {FAE61368-55A6-441D-885F-E824D7D76298}
		{0D1F0698-B652-4226-B3DA-637AEC943BEF} = {FAE61368-55A6-441D-885F-E824D7D76298}
		{6FD2A3FB-9003-472A-A279-9DCE0FD7E9ED} = {FAE61368-55A6-441D-885F-E824D7D76298}
		{1D24D050-6A26-464A-9C15-22DE6488C0B4} = {FAE61368-55A6-441D-885F-E824D7D76298}
	EndGlobalSection
	GlobalSection(ExtensibilityGlobals) = postSolution
		EnterpriseLibraryConfigurationToolBinariesPath = packages\Unity.2.1.505.0\lib\NET35
	EndGlobalSection
EndGlobal
