
Microsoft Visual Studio Solution File, Format Version 11.00
# Visual Studio 2010
Project("{FAE04EC0-301F-11D3-BF4B-00C04F79EFBC}") = "Schematismi", "Schematismi\Schematismi.csproj", "{B0F6C4F3-9BC3-434B-8B28-4C7BF62A69D4}"
EndProject
Project("{2150E333-8FDC-42A3-9474-1A3956D46DE8}") = "Solution Items", "Solution Items", "{C7C96354-CA1F-459A-9572-CF09B1BEFB3D}"
	ProjectSection(SolutionItems) = preProject
		db.config = db.config
		README.md = README.md
		SampleConfiguration.cs = SampleConfiguration.cs
		SampleConfiguration.xml = SampleConfiguration.xml
		SampleConfiguration.xsd = SampleConfiguration.xsd
	EndProjectSection
EndProject
Project("{FAE04EC0-301F-11D3-BF4B-00C04F79EFBC}") = "Schematismi.Tests", "Schematismi.Tests\Schematismi.Tests.csproj", "{F9CB036A-33B4-406E-92F6-289361B93833}"
EndProject
Project("{FAE04EC0-301F-11D3-BF4B-00C04F79EFBC}") = "Schematismi.Common", "Schematismi.Common\Schematismi.Common.csproj", "{704EB6C0-85D0-4BB1-B0F2-E1BA7BEE254C}"
EndProject
Global
	GlobalSection(SolutionConfigurationPlatforms) = preSolution
		Debug|Any CPU = Debug|Any CPU
		Debug|x86 = Debug|x86
		Release|Any CPU = Release|Any CPU
		Release|x86 = Release|x86
	EndGlobalSection
	GlobalSection(ProjectConfigurationPlatforms) = postSolution
		{B0F6C4F3-9BC3-434B-8B28-4C7BF62A69D4}.Debug|Any CPU.ActiveCfg = Debug|Any CPU
		{B0F6C4F3-9BC3-434B-8B28-4C7BF62A69D4}.Debug|Any CPU.Build.0 = Debug|Any CPU
		{B0F6C4F3-9BC3-434B-8B28-4C7BF62A69D4}.Debug|x86.ActiveCfg = Debug|x86
		{B0F6C4F3-9BC3-434B-8B28-4C7BF62A69D4}.Debug|x86.Build.0 = Debug|x86
		{B0F6C4F3-9BC3-434B-8B28-4C7BF62A69D4}.Release|Any CPU.ActiveCfg = Release|Any CPU
		{B0F6C4F3-9BC3-434B-8B28-4C7BF62A69D4}.Release|Any CPU.Build.0 = Release|Any CPU
		{B0F6C4F3-9BC3-434B-8B28-4C7BF62A69D4}.Release|x86.ActiveCfg = Release|x86
		{B0F6C4F3-9BC3-434B-8B28-4C7BF62A69D4}.Release|x86.Build.0 = Release|x86
		{F9CB036A-33B4-406E-92F6-289361B93833}.Debug|Any CPU.ActiveCfg = Debug|Any CPU
		{F9CB036A-33B4-406E-92F6-289361B93833}.Debug|Any CPU.Build.0 = Debug|Any CPU
		{F9CB036A-33B4-406E-92F6-289361B93833}.Debug|x86.ActiveCfg = Debug|Any CPU
		{F9CB036A-33B4-406E-92F6-289361B93833}.Release|Any CPU.ActiveCfg = Release|Any CPU
		{F9CB036A-33B4-406E-92F6-289361B93833}.Release|Any CPU.Build.0 = Release|Any CPU
		{F9CB036A-33B4-406E-92F6-289361B93833}.Release|x86.ActiveCfg = Release|Any CPU
		{704EB6C0-85D0-4BB1-B0F2-E1BA7BEE254C}.Debug|Any CPU.ActiveCfg = Debug|Any CPU
		{704EB6C0-85D0-4BB1-B0F2-E1BA7BEE254C}.Debug|Any CPU.Build.0 = Debug|Any CPU
		{704EB6C0-85D0-4BB1-B0F2-E1BA7BEE254C}.Debug|x86.ActiveCfg = Debug|Any CPU
		{704EB6C0-85D0-4BB1-B0F2-E1BA7BEE254C}.Release|Any CPU.ActiveCfg = Release|Any CPU
		{704EB6C0-85D0-4BB1-B0F2-E1BA7BEE254C}.Release|Any CPU.Build.0 = Release|Any CPU
		{704EB6C0-85D0-4BB1-B0F2-E1BA7BEE254C}.Release|x86.ActiveCfg = Release|Any CPU
	EndGlobalSection
	GlobalSection(SolutionProperties) = preSolution
		HideSolutionNode = FALSE
	EndGlobalSection
EndGlobal
